
Microsoft Visual Studio Solution File, Format Version 12.00
# Visual Studio 15
VisualStudioVersion = 15.0.28307.421
MinimumVisualStudioVersion = 10.0.40219.1
Project("{9A19103F-16F7-4668-BE54-9A1E7A4F7556}") = "ServerlessApp", "ServerlessApp\ServerlessApp.csproj", "{107331F4-9889-4C09-BA77-87B16BFCF165}"
EndProject
Global
	GlobalSection(SolutionConfigurationPlatforms) = preSolution
		Debug|Any CPU = Debug|Any CPU
		Release|Any CPU = Release|Any CPU
	EndGlobalSection
	GlobalSection(ProjectConfigurationPlatforms) = postSolution
		{107331F4-9889-4C09-BA77-87B16BFCF165}.Debug|Any CPU.ActiveCfg = Debug|Any CPU
		{107331F4-9889-4C09-BA77-87B16BFCF165}.Debug|Any CPU.Build.0 = Debug|Any CPU
		{107331F4-9889-4C09-BA77-87B16BFCF165}.Release|Any CPU.ActiveCfg = Release|Any CPU
		{107331F4-9889-4C09-BA77-87B16BFCF165}.Release|Any CPU.Build.0 = Release|Any CPU
	EndGlobalSection
	GlobalSection(SolutionProperties) = preSolution
		HideSolutionNode = FALSE
	EndGlobalSection
	GlobalSection(ExtensibilityGlobals) = postSolution
		SolutionGuid = {C5F8F6F0-9D7C-41DA-8CDB-300BCC4149C9}
	EndGlobalSection
EndGlobal
